<?xml version="1.0" encoding="utf-8"?>
<Project ToolsVersion="4.0" xmlns="http://schemas.microsoft.com/developer/msbuild/2003">
  <ItemGroup>
    <ClCompile Include="ImagePro.cpp">
      <Filter>Source Files</Filter>
    </ClCompile>
    <ClCompile Include="opencvwork.cpp">
      <Filter>Source Files</Filter>
    </ClCompile>
    <ClCompile Include="GeneratedFiles\Release\moc_activelabel.cpp">
      <Filter>Generated Files</Filter>
    </ClCompile>
    <ClCompile Include="GeneratedFiles\Release\moc_cgwork.cpp">
      <Filter>Generated Files</Filter>
    </ClCompile>
    <ClCompile Include="GeneratedFiles\Release\moc_opencvwork.cpp">
      <Filter>Generated Files</Filter>
    </ClCompile>
    <ClCompile Include="GeneratedFiles\Debug\moc_activelabel.cpp">
      <Filter>Generated Files</Filter>
    </ClCompile>
    <ClCompile Include="GeneratedFiles\Debug\moc_cgwork.cpp">
      <Filter>Generated Files</Filter>
    </ClCompile>
    <ClCompile Include="GeneratedFiles\Debug\moc_opencvwork.cpp">
      <Filter>Generated Files</Filter>
    </ClCompile>
    <ClCompile Include="GeneratedFiles\qrc_cgwork.cpp">
      <Filter>Generated Files</Filter>
    </ClCompile>
    <ClCompile Include="activelabel.cpp">
      <Filter>Source Files\qtcomp</Filter>
    </ClCompile>
    <ClCompile Include="cgwork.cpp">
      <Filter>Source Files\qtcomp</Filter>
    </ClCompile>
    <ClCompile Include="main.cpp">
      <Filter>Source Files\qtcomp</Filter>
    </ClCompile>
    <ClCompile Include="patchmatch.cpp">
      <Filter>Source Files</Filter>
    </ClCompile>
    <ClCompile Include="possionedit.cpp">
      <Filter>Source Files</Filter>
    </ClCompile>
  </ItemGroup>
  <ItemGroup>
    <ClInclude Include="ImagePro.h">
      <Filter>Header Files</Filter>
    </ClInclude>
    <ClInclude Include="GeneratedFiles\ui_activelabel.h">
      <Filter>Generated Files</Filter>
    </ClInclude>
    <ClInclude Include="GeneratedFiles\ui_cgwork.h">
      <Filter>Generated Files</Filter>
    </ClInclude>
    <ClInclude Include="resource.h">
      <Filter>Header Files\qtcomp</Filter>
    </ClInclude>
    <ClInclude Include="patchmatch.h">
      <Filter>Header Files</Filter>
    </ClInclude>
    <ClInclude Include="possionedit.h">
      <Filter>Header Files</Filter>
    </ClInclude>
  </ItemGroup>
  <ItemGroup>
    <CustomBuild Include="cgwork.ui">
      <Filter>Form Files</Filter>
    </CustomBuild>
    <CustomBuild Include="activelabel.ui">
      <Filter>Form Files</Filter>
    </CustomBuild>
    <CustomBuild Include="opencvwork.h">
      <Filter>Header Files</Filter>
    </CustomBuild>
    <CustomBuild Include="cgwork.qrc">
      <Filter>Resource Files</Filter>
    </CustomBuild>
    <CustomBuild Include="activelabel.h">
      <Filter>Header Files\qtcomp</Filter>
    </CustomBuild>
    <CustomBuild Include="cgwork.h">
      <Filter>Header Files\qtcomp</Filter>
    </CustomBuild>
  </ItemGroup>
  <ItemGroup>
    <Filter Include="Form Files">
      <UniqueIdentifier>{2b5f4ba6-e81f-4d7d-9567-04a85158d280}</UniqueIdentifier>
    </Filter>
    <Filter Include="Header Files">
      <UniqueIdentifier>{5cc05906-cab9-45f5-8046-db73627db937}</UniqueIdentifier>
    </Filter>
    <Filter Include="Source Files">
      <UniqueIdentifier>{35b2ac14-b4da-443f-9f7a-f28c940d56ee}</UniqueIdentifier>
    </Filter>
    <Filter Include="Resource Files">
      <UniqueIdentifier>{a1653100-ebfc-45e5-8ceb-7e5949c2966f}</UniqueIdentifier>
    </Filter>
    <Filter Include="Generated Files">
      <UniqueIdentifier>{0810e1d9-616c-4edf-a1bd-19c76c5b0926}</UniqueIdentifier>
    </Filter>
    <Filter Include="Header Files\qtcomp">
      <UniqueIdentifier>{c890c35d-4f32-4de4-9ea6-194c4560a62f}</UniqueIdentifier>
    </Filter>
    <Filter Include="Source Files\qtcomp">
      <UniqueIdentifier>{8b8b0d74-9005-4153-a726-0b594803e496}</UniqueIdentifier>
    </Filter>
  </ItemGroup>
  <ItemGroup>
    <CudaCompile Include="_patchGPU.cu">
      <Filter>Source Files</Filter>
    </CudaCompile>
  </ItemGroup>
</Project>